
Microsoft Visual Studio Solution File, Format Version 12.00
# Visual Studio Version 16
VisualStudioVersion = 16.0.31729.503
MinimumVisualStudioVersion = 10.0.40219.1
Project("{8BC9CEB8-8B4A-11D0-8D11-00A0C91BC942}") = "12-12", "12-12\12-12.vcxproj", "{E157D788-86A0-4A22-90BA-2A6FBC07E9AD}"
EndProject
Global
	GlobalSection(SolutionConfigurationPlatforms) = preSolution
		Debug|x64 = Debug|x64
		Debug|x86 = Debug|x86
		Release|x64 = Release|x64
		Release|x86 = Release|x86
	EndGlobalSection
	GlobalSection(ProjectConfigurationPlatforms) = postSolution
		{E157D788-86A0-4A22-90BA-2A6FBC07E9AD}.Debug|x64.ActiveCfg = Debug|x64
		{E157D788-86A0-4A22-90BA-2A6FBC07E9AD}.Debug|x64.Build.0 = Debug|x64
		{E157D788-86A0-4A22-90BA-2A6FBC07E9AD}.Debug|x86.ActiveCfg = Debug|Win32
		{E157D788-86A0-4A22-90BA-2A6FBC07E9AD}.Debug|x86.Build.0 = Debug|Win32
		{E157D788-86A0-4A22-90BA-2A6FBC07E9AD}.Release|x64.ActiveCfg = Release|x64
		{E157D788-86A0-4A22-90BA-2A6FBC07E9AD}.Release|x64.Build.0 = Release|x64
		{E157D788-86A0-4A22-90BA-2A6FBC07E9AD}.Release|x86.ActiveCfg = Release|Win32
		{E157D788-86A0-4A22-90BA-2A6FBC07E9AD}.Release|x86.Build.0 = Release|Win32
	EndGlobalSection
	GlobalSection(SolutionProperties) = preSolution
		HideSolutionNode = FALSE
	EndGlobalSection
	GlobalSection(ExtensibilityGlobals) = postSolution
		SolutionGuid = {19AFA3DF-1E7C-4F89-82A6-F3AA2D1F6FA4}
	EndGlobalSection
EndGlobal
